
Microsoft Visual Studio Solution File, Format Version 12.00
# Visual Studio Version 17
VisualStudioVersion = 17.5.002.0
MinimumVisualStudioVersion = 10.0.40219.1
Project("{9A19103F-16F7-4668-BE54-9A1E7A4F7556}") = "Code.tests", "Code.tests.csproj", "{24D57B02-2341-4D16-8B2A-2B8DA4C9FBB5}"
EndProject
Global
	GlobalSection(SolutionConfigurationPlatforms) = preSolution
		Debug|Any CPU = Debug|Any CPU
		Release|Any CPU = Release|Any CPU
	EndGlobalSection
	GlobalSection(ProjectConfigurationPlatforms) = postSolution
		{24D57B02-2341-4D16-8B2A-2B8DA4C9FBB5}.Debug|Any CPU.ActiveCfg = Debug|Any CPU
		{24D57B02-2341-4D16-8B2A-2B8DA4C9FBB5}.Debug|Any CPU.Build.0 = Debug|Any CPU
		{24D57B02-2341-4D16-8B2A-2B8DA4C9FBB5}.Release|Any CPU.ActiveCfg = Release|Any CPU
		{24D57B02-2341-4D16-8B2A-2B8DA4C9FBB5}.Release|Any CPU.Build.0 = Release|Any CPU
	EndGlobalSection
	GlobalSection(SolutionProperties) = preSolution
		HideSolutionNode = FALSE
	EndGlobalSection
	GlobalSection(ExtensibilityGlobals) = postSolution
		SolutionGuid = {D76D22FA-08AC-443A-910C-54059E4C6792}
	EndGlobalSection
EndGlobal
